
Microsoft Visual Studio Solution File, Format Version 12.00
# Visual Studio Version 16
VisualStudioVersion = 16.0.31702.278
MinimumVisualStudioVersion = 10.0.40219.1
Project("{FAE04EC0-301F-11D3-BF4B-00C04F79EFBC}") = "server1", "server1\server1.csproj", "{603ADD82-8784-49D9-BD68-9CEE632F7865}"
EndProject
Global
	GlobalSection(SolutionConfigurationPlatforms) = preSolution
		Debug|Any CPU = Debug|Any CPU
		Release|Any CPU = Release|Any CPU
	EndGlobalSection
	GlobalSection(ProjectConfigurationPlatforms) = postSolution
		{603ADD82-8784-49D9-BD68-9CEE632F7865}.Debug|Any CPU.ActiveCfg = Debug|Any CPU
		{603ADD82-8784-49D9-BD68-9CEE632F7865}.Debug|Any CPU.Build.0 = Debug|Any CPU
		{603ADD82-8784-49D9-BD68-9CEE632F7865}.Release|Any CPU.ActiveCfg = Release|Any CPU
		{603ADD82-8784-49D9-BD68-9CEE632F7865}.Release|Any CPU.Build.0 = Release|Any CPU
	EndGlobalSection
	GlobalSection(SolutionProperties) = preSolution
		HideSolutionNode = FALSE
	EndGlobalSection
	GlobalSection(ExtensibilityGlobals) = postSolution
		SolutionGuid = {FA6AA12A-9023-49C5-A811-3F049699EC2E}
	EndGlobalSection
EndGlobal
